
Microsoft Visual Studio Solution File, Format Version 12.00
# Visual Studio Version 17
VisualStudioVersion = 17.10.35013.160
MinimumVisualStudioVersion = 10.0.40219.1
Project("{FAE04EC0-301F-11D3-BF4B-00C04F79EFBC}") = "JWTAuthService", "JWTAuthService.csproj", "{EE5A3218-A6B1-450A-9446-E047DE5010A6}"
EndProject
Global
	GlobalSection(SolutionConfigurationPlatforms) = preSolution
		Debug|Any CPU = Debug|Any CPU
		Release|Any CPU = Release|Any CPU
	EndGlobalSection
	GlobalSection(ProjectConfigurationPlatforms) = postSolution
		{EE5A3218-A6B1-450A-9446-E047DE5010A6}.Debug|Any CPU.ActiveCfg = Debug|Any CPU
		{EE5A3218-A6B1-450A-9446-E047DE5010A6}.Debug|Any CPU.Build.0 = Debug|Any CPU
		{EE5A3218-A6B1-450A-9446-E047DE5010A6}.Release|Any CPU.ActiveCfg = Release|Any CPU
		{EE5A3218-A6B1-450A-9446-E047DE5010A6}.Release|Any CPU.Build.0 = Release|Any CPU
	EndGlobalSection
	GlobalSection(SolutionProperties) = preSolution
		HideSolutionNode = FALSE
	EndGlobalSection
	GlobalSection(ExtensibilityGlobals) = postSolution
		SolutionGuid = {CD211C30-25CD-4314-BC02-A0A61EEB48B1}
	EndGlobalSection
EndGlobal
